
Microsoft Visual Studio Solution File, Format Version 12.00
# Visual Studio Version 16
VisualStudioVersion = 16.0.29503.13
MinimumVisualStudioVersion = 10.0.40219.1
Project("{FAE04EC0-301F-11D3-BF4B-00C04F79EFBC}") = "DataTreeDepthCalc", "DataTreeDepthCalc\DataTreeDepthCalc.csproj", "{4270BAC2-DE0F-4255-B209-6DD6005FC701}"
EndProject
Global
	GlobalSection(SolutionConfigurationPlatforms) = preSolution
		Debug|Any CPU = Debug|Any CPU
		Release|Any CPU = Release|Any CPU
	EndGlobalSection
	GlobalSection(ProjectConfigurationPlatforms) = postSolution
		{4270BAC2-DE0F-4255-B209-6DD6005FC701}.Debug|Any CPU.ActiveCfg = Debug|Any CPU
		{4270BAC2-DE0F-4255-B209-6DD6005FC701}.Debug|Any CPU.Build.0 = Debug|Any CPU
		{4270BAC2-DE0F-4255-B209-6DD6005FC701}.Release|Any CPU.ActiveCfg = Release|Any CPU
		{4270BAC2-DE0F-4255-B209-6DD6005FC701}.Release|Any CPU.Build.0 = Release|Any CPU
	EndGlobalSection
	GlobalSection(SolutionProperties) = preSolution
		HideSolutionNode = FALSE
	EndGlobalSection
	GlobalSection(ExtensibilityGlobals) = postSolution
		SolutionGuid = {FAD7B715-ADDD-4863-B908-45320D970197}
	EndGlobalSection
EndGlobal
